// !$*UTF8*$!
{
	archiveVersion = 1;
	classes = {
	};
	objectVersion = 56;
	objects = {

/* Begin PBXBuildFile section */
		5058BE0C2A0FCE0D00C0D646 /* type_cpp.cpp in Sources */ = {isa = PBXBuildFile; fileRef = 5058BE0A2A0FCE0D00C0D646 /* type_cpp.cpp */; };
		50E012142A088DD40072FF9C /* main.cpp in Sources */ = {isa = PBXBuildFile; fileRef = 50E012132A088DD40072FF9C /* main.cpp */; };
		50F169132A11E3FB000DEF94 /* header_example.cpp in Sources */ = {isa = PBXBuildFile; fileRef = 50F169112A11E3FB000DEF94 /* header_example.cpp */; };
		50F169162A11E8CF000DEF94 /* header_example_program.cpp in Sources */ = {isa = PBXBuildFile; fileRef = 50F169142A11E8CF000DEF94 /* header_example_program.cpp */; };
		50F1691C2A122E76000DEF94 /* reverse_linked_list.cpp in Sources */ = {isa = PBXBuildFile; fileRef = 50F1691A2A122E76000DEF94 /* reverse_linked_list.cpp */; };
		50F1691F2A122E94000DEF94 /* structures_cpp.cpp in Sources */ = {isa = PBXBuildFile; fileRef = 50F1691D2A122E94000DEF94 /* structures_cpp.cpp */; };
		50F169232A136FA9000DEF94 /* multi_threads_demo.cpp in Sources */ = {isa = PBXBuildFile; fileRef = 50F169212A136FA9000DEF94 /* multi_threads_demo.cpp */; };
		50F169262A14D5AA000DEF94 /* arrays.cpp in Sources */ = {isa = PBXBuildFile; fileRef = 50F169242A14D5AA000DEF94 /* arrays.cpp */; };
/* End PBXBuildFile section */

/* Begin PBXCopyFilesBuildPhase section */
		50E0120E2A088DD40072FF9C /* CopyFiles */ = {
			isa = PBXCopyFilesBuildPhase;
			buildActionMask = 2147483647;
			dstPath = /usr/share/man/man1/;
			dstSubfolderSpec = 0;
			files = (
			);
			runOnlyForDeploymentPostprocessing = 1;
		};
/* End PBXCopyFilesBuildPhase section */

/* Begin PBXFileReference section */
		5058BE0A2A0FCE0D00C0D646 /* type_cpp.cpp */ = {isa = PBXFileReference; lastKnownFileType = sourcecode.cpp.cpp; path = type_cpp.cpp; sourceTree = "<group>"; };
		50E012102A088DD40072FF9C /* HelloWorldCPP */ = {isa = PBXFileReference; explicitFileType = "compiled.mach-o.executable"; includeInIndex = 0; path = HelloWorldCPP; sourceTree = BUILT_PRODUCTS_DIR; };
		50E012132A088DD40072FF9C /* main.cpp */ = {isa = PBXFileReference; lastKnownFileType = sourcecode.cpp.cpp; path = main.cpp; sourceTree = "<group>"; };
		50F169112A11E3FB000DEF94 /* header_example.cpp */ = {isa = PBXFileReference; lastKnownFileType = sourcecode.cpp.cpp; path = header_example.cpp; sourceTree = "<group>"; };
		50F169122A11E3FB000DEF94 /* header_example.hpp */ = {isa = PBXFileReference; lastKnownFileType = sourcecode.cpp.h; path = header_example.hpp; sourceTree = "<group>"; };
		50F169142A11E8CF000DEF94 /* header_example_program.cpp */ = {isa = PBXFileReference; lastKnownFileType = sourcecode.cpp.cpp; path = header_example_program.cpp; sourceTree = "<group>"; };
		50F1691A2A122E76000DEF94 /* reverse_linked_list.cpp */ = {isa = PBXFileReference; lastKnownFileType = sourcecode.cpp.cpp; path = reverse_linked_list.cpp; sourceTree = "<group>"; };
		50F1691B2A122E76000DEF94 /* reverse_linked_list.hpp */ = {isa = PBXFileReference; lastKnownFileType = sourcecode.cpp.h; path = reverse_linked_list.hpp; sourceTree = "<group>"; };
		50F1691D2A122E94000DEF94 /* structures_cpp.cpp */ = {isa = PBXFileReference; lastKnownFileType = sourcecode.cpp.cpp; path = structures_cpp.cpp; sourceTree = "<group>"; };
		50F1691E2A122E94000DEF94 /* structures_cpp.hpp */ = {isa = PBXFileReference; lastKnownFileType = sourcecode.cpp.h; path = structures_cpp.hpp; sourceTree = "<group>"; };
		50F169212A136FA9000DEF94 /* multi_threads_demo.cpp */ = {isa = PBXFileReference; lastKnownFileType = sourcecode.cpp.cpp; path = multi_threads_demo.cpp; sourceTree = "<group>"; };
		50F169222A136FA9000DEF94 /* multi_threads_demo.hpp */ = {isa = PBXFileReference; lastKnownFileType = sourcecode.cpp.h; path = multi_threads_demo.hpp; sourceTree = "<group>"; };
		50F169242A14D5AA000DEF94 /* arrays.cpp */ = {isa = PBXFileReference; lastKnownFileType = sourcecode.cpp.cpp; path = arrays.cpp; sourceTree = "<group>"; };
		50F169252A14D5AA000DEF94 /* arrays.hpp */ = {isa = PBXFileReference; lastKnownFileType = sourcecode.cpp.h; path = arrays.hpp; sourceTree = "<group>"; };
/* End PBXFileReference section */

/* Begin PBXFrameworksBuildPhase section */
		50E0120D2A088DD40072FF9C /* Frameworks */ = {
			isa = PBXFrameworksBuildPhase;
			buildActionMask = 2147483647;
			files = (
			);
			runOnlyForDeploymentPostprocessing = 0;
		};
/* End PBXFrameworksBuildPhase section */

/* Begin PBXGroup section */
		50E012072A088DD40072FF9C = {
			isa = PBXGroup;
			children = (
				50E012122A088DD40072FF9C /* HelloWorldCPP */,
				50E012112A088DD40072FF9C /* Products */,
			);
			sourceTree = "<group>";
		};
		50E012112A088DD40072FF9C /* Products */ = {
			isa = PBXGroup;
			children = (
				50E012102A088DD40072FF9C /* HelloWorldCPP */,
			);
			name = Products;
			sourceTree = "<group>";
		};
		50E012122A088DD40072FF9C /* HelloWorldCPP */ = {
			isa = PBXGroup;
			children = (
				50F169202A136F83000DEF94 /* perfomance */,
				50F169102A11E219000DEF94 /* oop */,
				50F1690C2A11D4B6000DEF94 /* algorithm_problems */,
				50E012132A088DD40072FF9C /* main.cpp */,
				5058BE0A2A0FCE0D00C0D646 /* type_cpp.cpp */,
				50F169112A11E3FB000DEF94 /* header_example.cpp */,
				50F169122A11E3FB000DEF94 /* header_example.hpp */,
				50F169142A11E8CF000DEF94 /* header_example_program.cpp */,
				50F169242A14D5AA000DEF94 /* arrays.cpp */,
				50F169252A14D5AA000DEF94 /* arrays.hpp */,
			);
			path = HelloWorldCPP;
			sourceTree = "<group>";
		};
		50F1690C2A11D4B6000DEF94 /* algorithm_problems */ = {
			isa = PBXGroup;
			children = (
				50F1691A2A122E76000DEF94 /* reverse_linked_list.cpp */,
				50F1691B2A122E76000DEF94 /* reverse_linked_list.hpp */,
				50F1691D2A122E94000DEF94 /* structures_cpp.cpp */,
				50F1691E2A122E94000DEF94 /* structures_cpp.hpp */,
			);
			path = algorithm_problems;
			sourceTree = "<group>";
		};
		50F169102A11E219000DEF94 /* oop */ = {
			isa = PBXGroup;
			children = (
			);
			path = oop;
			sourceTree = "<group>";
		};
		50F169202A136F83000DEF94 /* perfomance */ = {
			isa = PBXGroup;
			children = (
				50F169212A136FA9000DEF94 /* multi_threads_demo.cpp */,
				50F169222A136FA9000DEF94 /* multi_threads_demo.hpp */,
			);
			path = perfomance;
			sourceTree = "<group>";
		};
/* End PBXGroup section */

/* Begin PBXNativeTarget section */
		50E0120F2A088DD40072FF9C /* HelloWorldCPP */ = {
			isa = PBXNativeTarget;
			buildConfigurationList = 50E012172A088DD40072FF9C /* Build configuration list for PBXNativeTarget "HelloWorldCPP" */;
			buildPhases = (
				50E0120C2A088DD40072FF9C /* Sources */,
				50E0120D2A088DD40072FF9C /* Frameworks */,
				50E0120E2A088DD40072FF9C /* CopyFiles */,
			);
			buildRules = (
			);
			dependencies = (
			);
			name = HelloWorldCPP;
			productName = HelloWorldCPP;
			productReference = 50E012102A088DD40072FF9C /* HelloWorldCPP */;
			productType = "com.apple.product-type.tool";
		};
/* End PBXNativeTarget section */

/* Begin PBXProject section */
		50E012082A088DD40072FF9C /* Project object */ = {
			isa = PBXProject;
			attributes = {
				BuildIndependentTargetsInParallel = 1;
				LastUpgradeCheck = 1430;
				TargetAttributes = {
					50E0120F2A088DD40072FF9C = {
						CreatedOnToolsVersion = 14.3;
					};
				};
			};
			buildConfigurationList = 50E0120B2A088DD40072FF9C /* Build configuration list for PBXProject "HelloWorldCPP" */;
			compatibilityVersion = "Xcode 14.0";
			developmentRegion = en;
			hasScannedForEncodings = 0;
			knownRegions = (
				en,
				Base,
			);
			mainGroup = 50E012072A088DD40072FF9C;
			productRefGroup = 50E012112A088DD40072FF9C /* Products */;
			projectDirPath = "";
			projectRoot = "";
			targets = (
				50E0120F2A088DD40072FF9C /* HelloWorldCPP */,
			);
		};
/* End PBXProject section */

/* Begin PBXSourcesBuildPhase section */
		50E0120C2A088DD40072FF9C /* Sources */ = {
			isa = PBXSourcesBuildPhase;
			buildActionMask = 2147483647;
			files = (
				50F169162A11E8CF000DEF94 /* header_example_program.cpp in Sources */,
				50E012142A088DD40072FF9C /* main.cpp in Sources */,
				5058BE0C2A0FCE0D00C0D646 /* type_cpp.cpp in Sources */,
				50F1691F2A122E94000DEF94 /* structures_cpp.cpp in Sources */,
				50F169132A11E3FB000DEF94 /* header_example.cpp in Sources */,
				50F169262A14D5AA000DEF94 /* arrays.cpp in Sources */,
				50F169232A136FA9000DEF94 /* multi_threads_demo.cpp in Sources */,
				50F1691C2A122E76000DEF94 /* reverse_linked_list.cpp in Sources */,
			);
			runOnlyForDeploymentPostprocessing = 0;
		};
/* End PBXSourcesBuildPhase section */

/* Begin XCBuildConfiguration section */
		50E012152A088DD40072FF9C /* Debug */ = {
			isa = XCBuildConfiguration;
			buildSettings = {
				ALWAYS_SEARCH_USER_PATHS = NO;
				CLANG_ANALYZER_NONNULL = YES;
				CLANG_ANALYZER_NUMBER_OBJECT_CONVERSION = YES_AGGRESSIVE;
				CLANG_CXX_LANGUAGE_STANDARD = "gnu++20";
				CLANG_ENABLE_MODULES = YES;
				CLANG_ENABLE_OBJC_ARC = YES;
				CLANG_ENABLE_OBJC_WEAK = YES;
				CLANG_WARN_BLOCK_CAPTURE_AUTORELEASING = YES;
				CLANG_WARN_BOOL_CONVERSION = YES;
				CLANG_WARN_COMMA = YES;
				CLANG_WARN_CONSTANT_CONVERSION = YES;
				CLANG_WARN_DEPRECATED_OBJC_IMPLEMENTATIONS = YES;
				CLANG_WARN_DIRECT_OBJC_ISA_USAGE = YES_ERROR;
				CLANG_WARN_DOCUMENTATION_COMMENTS = YES;
				CLANG_WARN_EMPTY_BODY = YES;
				CLANG_WARN_ENUM_CONVERSION = YES;
				CLANG_WARN_INFINITE_RECURSION = YES;
				CLANG_WARN_INT_CONVERSION = YES;
				CLANG_WARN_NON_LITERAL_NULL_CONVERSION = YES;
				CLANG_WARN_OBJC_IMPLICIT_RETAIN_SELF = YES;
				CLANG_WARN_OBJC_LITERAL_CONVERSION = YES;
				CLANG_WARN_OBJC_ROOT_CLASS = YES_ERROR;
				CLANG_WARN_QUOTED_INCLUDE_IN_FRAMEWORK_HEADER = YES;
				CLANG_WARN_RANGE_LOOP_ANALYSIS = YES;
				CLANG_WARN_STRICT_PROTOTYPES = YES;
				CLANG_WARN_SUSPICIOUS_MOVE = YES;
				CLANG_WARN_UNGUARDED_AVAILABILITY = YES_AGGRESSIVE;
				CLANG_WARN_UNREACHABLE_CODE = YES;
				CLANG_WARN__DUPLICATE_METHOD_MATCH = YES;
				COPY_PHASE_STRIP = NO;
				DEBUG_INFORMATION_FORMAT = dwarf;
				ENABLE_STRICT_OBJC_MSGSEND = YES;
				ENABLE_TESTABILITY = YES;
				GCC_C_LANGUAGE_STANDARD = gnu11;
				GCC_DYNAMIC_NO_PIC = NO;
				GCC_NO_COMMON_BLOCKS = YES;
				GCC_OPTIMIZATION_LEVEL = 0;
				GCC_PREPROCESSOR_DEFINITIONS = (
					"DEBUG=1",
					"$(inherited)",
				);
				GCC_WARN_64_TO_32_BIT_CONVERSION = YES;
				GCC_WARN_ABOUT_RETURN_TYPE = YES_ERROR;
				GCC_WARN_UNDECLARED_SELECTOR = YES;
				GCC_WARN_UNINITIALIZED_AUTOS = YES_AGGRESSIVE;
				GCC_WARN_UNUSED_FUNCTION = YES;
				GCC_WARN_UNUSED_VARIABLE = YES;
				MACOSX_DEPLOYMENT_TARGET = 13.3;
				MTL_ENABLE_DEBUG_INFO = INCLUDE_SOURCE;
				MTL_FAST_MATH = YES;
				ONLY_ACTIVE_ARCH = YES;
				SDKROOT = macosx;
			};
			name = Debug;
		};
		50E012162A088DD40072FF9C /* Release */ = {
			isa = XCBuildConfiguration;
			buildSettings = {
				ALWAYS_SEARCH_USER_PATHS = NO;
				CLANG_ANALYZER_NONNULL = YES;
				CLANG_ANALYZER_NUMBER_OBJECT_CONVERSION = YES_AGGRESSIVE;
				CLANG_CXX_LANGUAGE_STANDARD = "gnu++20";
				CLANG_ENABLE_MODULES = YES;
				CLANG_ENABLE_OBJC_ARC = YES;
				CLANG_ENABLE_OBJC_WEAK = YES;
				CLANG_WARN_BLOCK_CAPTURE_AUTORELEASING = YES;
				CLANG_WARN_BOOL_CONVERSION = YES;
				CLANG_WARN_COMMA = YES;
				CLANG_WARN_CONSTANT_CONVERSION = YES;
				CLANG_WARN_DEPRECATED_OBJC_IMPLEMENTATIONS = YES;
				CLANG_WARN_DIRECT_OBJC_ISA_USAGE = YES_ERROR;
				CLANG_WARN_DOCUMENTATION_COMMENTS = YES;
				CLANG_WARN_EMPTY_BODY = YES;
				CLANG_WARN_ENUM_CONVERSION = YES;
				CLANG_WARN_INFINITE_RECURSION = YES;
				CLANG_WARN_INT_CONVERSION = YES;
				CLANG_WARN_NON_LITERAL_NULL_CONVERSION = YES;
				CLANG_WARN_OBJC_IMPLICIT_RETAIN_SELF = YES;
				CLANG_WARN_OBJC_LITERAL_CONVERSION = YES;
				CLANG_WARN_OBJC_ROOT_CLASS = YES_ERROR;
				CLANG_WARN_QUOTED_INCLUDE_IN_FRAMEWORK_HEADER = YES;
				CLANG_WARN_RANGE_LOOP_ANALYSIS = YES;
				CLANG_WARN_STRICT_PROTOTYPES = YES;
				CLANG_WARN_SUSPICIOUS_MOVE = YES;
				CLANG_WARN_UNGUARDED_AVAILABILITY = YES_AGGRESSIVE;
				CLANG_WARN_UNREACHABLE_CODE = YES;
				CLANG_WARN__DUPLICATE_METHOD_MATCH = YES;
				COPY_PHASE_STRIP = NO;
				DEBUG_INFORMATION_FORMAT = "dwarf-with-dsym";
				ENABLE_NS_ASSERTIONS = NO;
				ENABLE_STRICT_OBJC_MSGSEND = YES;
				GCC_C_LANGUAGE_STANDARD = gnu11;
				GCC_NO_COMMON_BLOCKS = YES;
				GCC_WARN_64_TO_32_BIT_CONVERSION = YES;
				GCC_WARN_ABOUT_RETURN_TYPE = YES_ERROR;
				GCC_WARN_UNDECLARED_SELECTOR = YES;
				GCC_WARN_UNINITIALIZED_AUTOS = YES_AGGRESSIVE;
				GCC_WARN_UNUSED_FUNCTION = YES;
				GCC_WARN_UNUSED_VARIABLE = YES;
				MACOSX_DEPLOYMENT_TARGET = 13.3;
				MTL_ENABLE_DEBUG_INFO = NO;
				MTL_FAST_MATH = YES;
				SDKROOT = macosx;
			};
			name = Release;
		};
		50E012182A088DD40072FF9C /* Debug */ = {
			isa = XCBuildConfiguration;
			buildSettings = {
				CODE_SIGN_STYLE = Automatic;
				PRODUCT_NAME = "$(TARGET_NAME)";
			};
			name = Debug;
		};
		50E012192A088DD40072FF9C /* Release */ = {
			isa = XCBuildConfiguration;
			buildSettings = {
				CODE_SIGN_STYLE = Automatic;
				PRODUCT_NAME = "$(TARGET_NAME)";
			};
			name = Release;
		};
/* End XCBuildConfiguration section */

/* Begin XCConfigurationList section */
		50E0120B2A088DD40072FF9C /* Build configuration list for PBXProject "HelloWorldCPP" */ = {
			isa = XCConfigurationList;
			buildConfigurations = (
				50E012152A088DD40072FF9C /* Debug */,
				50E012162A088DD40072FF9C /* Release */,
			);
			defaultConfigurationIsVisible = 0;
			defaultConfigurationName = Release;
		};
		50E012172A088DD40072FF9C /* Build configuration list for PBXNativeTarget "HelloWorldCPP" */ = {
			isa = XCConfigurationList;
			buildConfigurations = (
				50E012182A088DD40072FF9C /* Debug */,
				50E012192A088DD40072FF9C /* Release */,
			);
			defaultConfigurationIsVisible = 0;
			defaultConfigurationName = Release;
		};
/* End XCConfigurationList section */
	};
	rootObject = 50E012082A088DD40072FF9C /* Project object */;
}
